// !$*UTF8*$!
{
	archiveVersion = 1;
	classes = {
	};
	objectVersion = 48;
	objects = {

/* Begin PBXBuildFile section */
		3063D4F51FD63FBA0096078B /* AppDelegate.swift in Sources */ = {isa = PBXBuildFile; fileRef = 3063D4F41FD63FBA0096078B /* AppDelegate.swift */; };
		3063D4F71FD63FBA0096078B /* ViewController.swift in Sources */ = {isa = PBXBuildFile; fileRef = 3063D4F61FD63FBA0096078B /* ViewController.swift */; };
		3063D4FA1FD63FBA0096078B /* Main.storyboard in Resources */ = {isa = PBXBuildFile; fileRef = 3063D4F81FD63FBA0096078B /* Main.storyboard */; };
		3063D4FC1FD63FBA0096078B /* Assets.xcassets in Resources */ = {isa = PBXBuildFile; fileRef = 3063D4FB1FD63FBA0096078B /* Assets.xcassets */; };
		3063D4FF1FD63FBA0096078B /* LaunchScreen.storyboard in Resources */ = {isa = PBXBuildFile; fileRef = 3063D4FD1FD63FBA0096078B /* LaunchScreen.storyboard */; };
		3063D50A1FD63FBA0096078B /* CountChangeTests.swift in Sources */ = {isa = PBXBuildFile; fileRef = 3063D5091FD63FBA0096078B /* CountChangeTests.swift */; };
		3063D5151FD63FBA0096078B /* CountChangeUITests.swift in Sources */ = {isa = PBXBuildFile; fileRef = 3063D5141FD63FBA0096078B /* CountChangeUITests.swift */; };
		3063D5231FD6465C0096078B /* CountView.swift in Sources */ = {isa = PBXBuildFile; fileRef = 3063D5221FD6465C0096078B /* CountView.swift */; };
/* End PBXBuildFile section */

/* Begin PBXContainerItemProxy section */
		3063D5061FD63FBA0096078B /* PBXContainerItemProxy */ = {
			isa = PBXContainerItemProxy;
			containerPortal = 3063D4E91FD63FBA0096078B /* Project object */;
			proxyType = 1;
			remoteGlobalIDString = 3063D4F01FD63FBA0096078B;
			remoteInfo = CountChange;
		};
		3063D5111FD63FBA0096078B /* PBXContainerItemProxy */ = {
			isa = PBXContainerItemProxy;
			containerPortal = 3063D4E91FD63FBA0096078B /* Project object */;
			proxyType = 1;
			remoteGlobalIDString = 3063D4F01FD63FBA0096078B;
			remoteInfo = CountChange;
		};
/* End PBXContainerItemProxy section */

/* Begin PBXFileReference section */
		3063D4F11FD63FBA0096078B /* CountChange.app */ = {isa = PBXFileReference; explicitFileType = wrapper.application; includeInIndex = 0; path = CountChange.app; sourceTree = BUILT_PRODUCTS_DIR; };
		3063D4F41FD63FBA0096078B /* AppDelegate.swift */ = {isa = PBXFileReference; lastKnownFileType = sourcecode.swift; path = AppDelegate.swift; sourceTree = "<group>"; };
		3063D4F61FD63FBA0096078B /* ViewController.swift */ = {isa = PBXFileReference; lastKnownFileType = sourcecode.swift; path = ViewController.swift; sourceTree = "<group>"; };
		3063D4F91FD63FBA0096078B /* Base */ = {isa = PBXFileReference; lastKnownFileType = file.storyboard; name = Base; path = Base.lproj/Main.storyboard; sourceTree = "<group>"; };
		3063D4FB1FD63FBA0096078B /* Assets.xcassets */ = {isa = PBXFileReference; lastKnownFileType = folder.assetcatalog; path = Assets.xcassets; sourceTree = "<group>"; };
		3063D4FE1FD63FBA0096078B /* Base */ = {isa = PBXFileReference; lastKnownFileType = file.storyboard; name = Base; path = Base.lproj/LaunchScreen.storyboard; sourceTree = "<group>"; };
		3063D5001FD63FBA0096078B /* Info.plist */ = {isa = PBXFileReference; lastKnownFileType = text.plist.xml; path = Info.plist; sourceTree = "<group>"; };
		3063D5051FD63FBA0096078B /* CountChangeTests.xctest */ = {isa = PBXFileReference; explicitFileType = wrapper.cfbundle; includeInIndex = 0; path = CountChangeTests.xctest; sourceTree = BUILT_PRODUCTS_DIR; };
		3063D5091FD63FBA0096078B /* CountChangeTests.swift */ = {isa = PBXFileReference; lastKnownFileType = sourcecode.swift; path = CountChangeTests.swift; sourceTree = "<group>"; };
		3063D50B1FD63FBA0096078B /* Info.plist */ = {isa = PBXFileReference; lastKnownFileType = text.plist.xml; path = Info.plist; sourceTree = "<group>"; };
		3063D5101FD63FBA0096078B /* CountChangeUITests.xctest */ = {isa = PBXFileReference; explicitFileType = wrapper.cfbundle; includeInIndex = 0; path = CountChangeUITests.xctest; sourceTree = BUILT_PRODUCTS_DIR; };
		3063D5141FD63FBA0096078B /* CountChangeUITests.swift */ = {isa = PBXFileReference; lastKnownFileType = sourcecode.swift; path = CountChangeUITests.swift; sourceTree = "<group>"; };
		3063D5161FD63FBA0096078B /* Info.plist */ = {isa = PBXFileReference; lastKnownFileType = text.plist.xml; path = Info.plist; sourceTree = "<group>"; };
		3063D5221FD6465C0096078B /* CountView.swift */ = {isa = PBXFileReference; lastKnownFileType = sourcecode.swift; path = CountView.swift; sourceTree = "<group>"; };
/* End PBXFileReference section */

/* Begin PBXFrameworksBuildPhase section */
		3063D4EE1FD63FBA0096078B /* Frameworks */ = {
			isa = PBXFrameworksBuildPhase;
			buildActionMask = 2147483647;
			files = (
			);
			runOnlyForDeploymentPostprocessing = 0;
		};
		3063D5021FD63FBA0096078B /* Frameworks */ = {
			isa = PBXFrameworksBuildPhase;
			buildActionMask = 2147483647;
			files = (
			);
			runOnlyForDeploymentPostprocessing = 0;
		};
		3063D50D1FD63FBA0096078B /* Frameworks */ = {
			isa = PBXFrameworksBuildPhase;
			buildActionMask = 2147483647;
			files = (
			);
			runOnlyForDeploymentPostprocessing = 0;
		};
/* End PBXFrameworksBuildPhase section */

/* Begin PBXGroup section */
		3063D4E81FD63FBA0096078B = {
			isa = PBXGroup;
			children = (
				3063D4F31FD63FBA0096078B /* CountChange */,
				3063D5081FD63FBA0096078B /* CountChangeTests */,
				3063D5131FD63FBA0096078B /* CountChangeUITests */,
				3063D4F21FD63FBA0096078B /* Products */,
			);
			sourceTree = "<group>";
		};
		3063D4F21FD63FBA0096078B /* Products */ = {
			isa = PBXGroup;
			children = (
				3063D4F11FD63FBA0096078B /* CountChange.app */,
				3063D5051FD63FBA0096078B /* CountChangeTests.xctest */,
				3063D5101FD63FBA0096078B /* CountChangeUITests.xctest */,
			);
			name = Products;
			sourceTree = "<group>";
		};
		3063D4F31FD63FBA0096078B /* CountChange */ = {
			isa = PBXGroup;
			children = (
				3063D4F41FD63FBA0096078B /* AppDelegate.swift */,
				3063D4F61FD63FBA0096078B /* ViewController.swift */,
				3063D5221FD6465C0096078B /* CountView.swift */,
				3063D4F81FD63FBA0096078B /* Main.storyboard */,
				3063D4FB1FD63FBA0096078B /* Assets.xcassets */,
				3063D4FD1FD63FBA0096078B /* LaunchScreen.storyboard */,
				3063D5001FD63FBA0096078B /* Info.plist */,
			);
			path = CountChange;
			sourceTree = "<group>";
		};
		3063D5081FD63FBA0096078B /* CountChangeTests */ = {
			isa = PBXGroup;
			children = (
				3063D5091FD63FBA0096078B /* CountChangeTests.swift */,
				3063D50B1FD63FBA0096078B /* Info.plist */,
			);
			path = CountChangeTests;
			sourceTree = "<group>";
		};
		3063D5131FD63FBA0096078B /* CountChangeUITests */ = {
			isa = PBXGroup;
			children = (
				3063D5141FD63FBA0096078B /* CountChangeUITests.swift */,
				3063D5161FD63FBA0096078B /* Info.plist */,
			);
			path = CountChangeUITests;
			sourceTree = "<group>";
		};
/* End PBXGroup section */

/* Begin PBXNativeTarget section */
		3063D4F01FD63FBA0096078B /* CountChange */ = {
			isa = PBXNativeTarget;
			buildConfigurationList = 3063D5191FD63FBA0096078B /* Build configuration list for PBXNativeTarget "CountChange" */;
			buildPhases = (
				3063D4ED1FD63FBA0096078B /* Sources */,
				3063D4EE1FD63FBA0096078B /* Frameworks */,
				3063D4EF1FD63FBA0096078B /* Resources */,
			);
			buildRules = (
			);
			dependencies = (
			);
			name = CountChange;
			productName = CountChange;
			productReference = 3063D4F11FD63FBA0096078B /* CountChange.app */;
			productType = "com.apple.product-type.application";
		};
		3063D5041FD63FBA0096078B /* CountChangeTests */ = {
			isa = PBXNativeTarget;
			buildConfigurationList = 3063D51C1FD63FBA0096078B /* Build configuration list for PBXNativeTarget "CountChangeTests" */;
			buildPhases = (
				3063D5011FD63FBA0096078B /* Sources */,
				3063D5021FD63FBA0096078B /* Frameworks */,
				3063D5031FD63FBA0096078B /* Resources */,
			);
			buildRules = (
			);
			dependencies = (
				3063D5071FD63FBA0096078B /* PBXTargetDependency */,
			);
			name = CountChangeTests;
			productName = CountChangeTests;
			productReference = 3063D5051FD63FBA0096078B /* CountChangeTests.xctest */;
			productType = "com.apple.product-type.bundle.unit-test";
		};
		3063D50F1FD63FBA0096078B /* CountChangeUITests */ = {
			isa = PBXNativeTarget;
			buildConfigurationList = 3063D51F1FD63FBA0096078B /* Build configuration list for PBXNativeTarget "CountChangeUITests" */;
			buildPhases = (
				3063D50C1FD63FBA0096078B /* Sources */,
				3063D50D1FD63FBA0096078B /* Frameworks */,
				3063D50E1FD63FBA0096078B /* Resources */,
			);
			buildRules = (
			);
			dependencies = (
				3063D5121FD63FBA0096078B /* PBXTargetDependency */,
			);
			name = CountChangeUITests;
			productName = CountChangeUITests;
			productReference = 3063D5101FD63FBA0096078B /* CountChangeUITests.xctest */;
			productType = "com.apple.product-type.bundle.ui-testing";
		};
/* End PBXNativeTarget section */

/* Begin PBXProject section */
		3063D4E91FD63FBA0096078B /* Project object */ = {
			isa = PBXProject;
			attributes = {
				LastSwiftUpdateCheck = 0910;
				LastUpgradeCheck = 0910;
				ORGANIZATIONNAME = "liu~dan.com";
				TargetAttributes = {
					3063D4F01FD63FBA0096078B = {
						CreatedOnToolsVersion = 9.1;
						ProvisioningStyle = Automatic;
					};
					3063D5041FD63FBA0096078B = {
						CreatedOnToolsVersion = 9.1;
						ProvisioningStyle = Automatic;
						TestTargetID = 3063D4F01FD63FBA0096078B;
					};
					3063D50F1FD63FBA0096078B = {
						CreatedOnToolsVersion = 9.1;
						ProvisioningStyle = Automatic;
						TestTargetID = 3063D4F01FD63FBA0096078B;
					};
				};
			};
			buildConfigurationList = 3063D4EC1FD63FBA0096078B /* Build configuration list for PBXProject "CountChange" */;
			compatibilityVersion = "Xcode 8.0";
			developmentRegion = en;
			hasScannedForEncodings = 0;
			knownRegions = (
				en,
				Base,
			);
			mainGroup = 3063D4E81FD63FBA0096078B;
			productRefGroup = 3063D4F21FD63FBA0096078B /* Products */;
			projectDirPath = "";
			projectRoot = "";
			targets = (
				3063D4F01FD63FBA0096078B /* CountChange */,
				3063D5041FD63FBA0096078B /* CountChangeTests */,
				3063D50F1FD63FBA0096078B /* CountChangeUITests */,
			);
		};
/* End PBXProject section */

/* Begin PBXResourcesBuildPhase section */
		3063D4EF1FD63FBA0096078B /* Resources */ = {
			isa = PBXResourcesBuildPhase;
			buildActionMask = 2147483647;
			files = (
				3063D4FF1FD63FBA0096078B /* LaunchScreen.storyboard in Resources */,
				3063D4FC1FD63FBA0096078B /* Assets.xcassets in Resources */,
				3063D4FA1FD63FBA0096078B /* Main.storyboard in Resources */,
			);
			runOnlyForDeploymentPostprocessing = 0;
		};
		3063D5031FD63FBA0096078B /* Resources */ = {
			isa = PBXResourcesBuildPhase;
			buildActionMask = 2147483647;
			files = (
			);
			runOnlyForDeploymentPostprocessing = 0;
		};
		3063D50E1FD63FBA0096078B /* Resources */ = {
			isa = PBXResourcesBuildPhase;
			buildActionMask = 2147483647;
			files = (
			);
			runOnlyForDeploymentPostprocessing = 0;
		};
/* End PBXResourcesBuildPhase section */

/* Begin PBXSourcesBuildPhase section */
		3063D4ED1FD63FBA0096078B /* Sources */ = {
			isa = PBXSourcesBuildPhase;
			buildActionMask = 2147483647;
			files = (
				3063D4F71FD63FBA0096078B /* ViewController.swift in Sources */,
				3063D4F51FD63FBA0096078B /* AppDelegate.swift in Sources */,
				3063D5231FD6465C0096078B /* CountView.swift in Sources */,
			);
			runOnlyForDeploymentPostprocessing = 0;
		};
		3063D5011FD63FBA0096078B /* Sources */ = {
			isa = PBXSourcesBuildPhase;
			buildActionMask = 2147483647;
			files = (
				3063D50A1FD63FBA0096078B /* CountChangeTests.swift in Sources */,
			);
			runOnlyForDeploymentPostprocessing = 0;
		};
		3063D50C1FD63FBA0096078B /* Sources */ = {
			isa = PBXSourcesBuildPhase;
			buildActionMask = 2147483647;
			files = (
				3063D5151FD63FBA0096078B /* CountChangeUITests.swift in Sources */,
			);
			runOnlyForDeploymentPostprocessing = 0;
		};
/* End PBXSourcesBuildPhase section */

/* Begin PBXTargetDependency section */
		3063D5071FD63FBA0096078B /* PBXTargetDependency */ = {
			isa = PBXTargetDependency;
			target = 3063D4F01FD63FBA0096078B /* CountChange */;
			targetProxy = 3063D5061FD63FBA0096078B /* PBXContainerItemProxy */;
		};
		3063D5121FD63FBA0096078B /* PBXTargetDependency */ = {
			isa = PBXTargetDependency;
			target = 3063D4F01FD63FBA0096078B /* CountChange */;
			targetProxy = 3063D5111FD63FBA0096078B /* PBXContainerItemProxy */;
		};
/* End PBXTargetDependency section */

/* Begin PBXVariantGroup section */
		3063D4F81FD63FBA0096078B /* Main.storyboard */ = {
			isa = PBXVariantGroup;
			children = (
				3063D4F91FD63FBA0096078B /* Base */,
			);
			name = Main.storyboard;
			sourceTree = "<group>";
		};
		3063D4FD1FD63FBA0096078B /* LaunchScreen.storyboard */ = {
			isa = PBXVariantGroup;
			children = (
				3063D4FE1FD63FBA0096078B /* Base */,
			);
			name = LaunchScreen.storyboard;
			sourceTree = "<group>";
		};
/* End PBXVariantGroup section */

/* Begin XCBuildConfiguration section */
		3063D5171FD63FBA0096078B /* Debug */ = {
			isa = XCBuildConfiguration;
			buildSettings = {
				ALWAYS_SEARCH_USER_PATHS = NO;
				CLANG_ANALYZER_NONNULL = YES;
				CLANG_ANALYZER_NUMBER_OBJECT_CONVERSION = YES_AGGRESSIVE;
				CLANG_CXX_LANGUAGE_STANDARD = "gnu++14";
				CLANG_CXX_LIBRARY = "libc++";
				CLANG_ENABLE_MODULES = YES;
				CLANG_ENABLE_OBJC_ARC = YES;
				CLANG_WARN_BLOCK_CAPTURE_AUTORELEASING = YES;
				CLANG_WARN_BOOL_CONVERSION = YES;
				CLANG_WARN_COMMA = YES;
				CLANG_WARN_CONSTANT_CONVERSION = YES;
				CLANG_WARN_DIRECT_OBJC_ISA_USAGE = YES_ERROR;
				CLANG_WARN_DOCUMENTATION_COMMENTS = YES;
				CLANG_WARN_EMPTY_BODY = YES;
				CLANG_WARN_ENUM_CONVERSION = YES;
				CLANG_WARN_INFINITE_RECURSION = YES;
				CLANG_WARN_INT_CONVERSION = YES;
				CLANG_WARN_NON_LITERAL_NULL_CONVERSION = YES;
				CLANG_WARN_OBJC_LITERAL_CONVERSION = YES;
				CLANG_WARN_OBJC_ROOT_CLASS = YES_ERROR;
				CLANG_WARN_RANGE_LOOP_ANALYSIS = YES;
				CLANG_WARN_STRICT_PROTOTYPES = YES;
				CLANG_WARN_SUSPICIOUS_MOVE = YES;
				CLANG_WARN_UNGUARDED_AVAILABILITY = YES_AGGRESSIVE;
				CLANG_WARN_UNREACHABLE_CODE = YES;
				CLANG_WARN__DUPLICATE_METHOD_MATCH = YES;
				CODE_SIGN_IDENTITY = "iPhone Developer";
				COPY_PHASE_STRIP = NO;
				DEBUG_INFORMATION_FORMAT = dwarf;
				ENABLE_STRICT_OBJC_MSGSEND = YES;
				ENABLE_TESTABILITY = YES;
				GCC_C_LANGUAGE_STANDARD = gnu11;
				GCC_DYNAMIC_NO_PIC = NO;
				GCC_NO_COMMON_BLOCKS = YES;
				GCC_OPTIMIZATION_LEVEL = 0;
				GCC_PREPROCESSOR_DEFINITIONS = (
					"DEBUG=1",
					"$(inherited)",
				);
				GCC_WARN_64_TO_32_BIT_CONVERSION = YES;
				GCC_WARN_ABOUT_RETURN_TYPE = YES_ERROR;
				GCC_WARN_UNDECLARED_SELECTOR = YES;
				GCC_WARN_UNINITIALIZED_AUTOS = YES_AGGRESSIVE;
				GCC_WARN_UNUSED_FUNCTION = YES;
				GCC_WARN_UNUSED_VARIABLE = YES;
				IPHONEOS_DEPLOYMENT_TARGET = 11.1;
				MTL_ENABLE_DEBUG_INFO = YES;
				ONLY_ACTIVE_ARCH = YES;
				SDKROOT = iphoneos;
				SWIFT_ACTIVE_COMPILATION_CONDITIONS = DEBUG;
				SWIFT_OPTIMIZATION_LEVEL = "-Onone";
			};
			name = Debug;
		};
		3063D5181FD63FBA0096078B /* Release */ = {
			isa = XCBuildConfiguration;
			buildSettings = {
				ALWAYS_SEARCH_USER_PATHS = NO;
				CLANG_ANALYZER_NONNULL = YES;
				CLANG_ANALYZER_NUMBER_OBJECT_CONVERSION = YES_AGGRESSIVE;
				CLANG_CXX_LANGUAGE_STANDARD = "gnu++14";
				CLANG_CXX_LIBRARY = "libc++";
				CLANG_ENABLE_MODULES = YES;
				CLANG_ENABLE_OBJC_ARC = YES;
				CLANG_WARN_BLOCK_CAPTURE_AUTORELEASING = YES;
				CLANG_WARN_BOOL_CONVERSION = YES;
				CLANG_WARN_COMMA = YES;
				CLANG_WARN_CONSTANT_CONVERSION = YES;
				CLANG_WARN_DIRECT_OBJC_ISA_USAGE = YES_ERROR;
				CLANG_WARN_DOCUMENTATION_COMMENTS = YES;
				CLANG_WARN_EMPTY_BODY = YES;
				CLANG_WARN_ENUM_CONVERSION = YES;
				CLANG_WARN_INFINITE_RECURSION = YES;
				CLANG_WARN_INT_CONVERSION = YES;
				CLANG_WARN_NON_LITERAL_NULL_CONVERSION = YES;
				CLANG_WARN_OBJC_LITERAL_CONVERSION = YES;
				CLANG_WARN_OBJC_ROOT_CLASS = YES_ERROR;
				CLANG_WARN_RANGE_LOOP_ANALYSIS = YES;
				CLANG_WARN_STRICT_PROTOTYPES = YES;
				CLANG_WARN_SUSPICIOUS_MOVE = YES;
				CLANG_WARN_UNGUARDED_AVAILABILITY = YES_AGGRESSIVE;
				CLANG_WARN_UNREACHABLE_CODE = YES;
				CLANG_WARN__DUPLICATE_METHOD_MATCH = YES;
				CODE_SIGN_IDENTITY = "iPhone Developer";
				COPY_PHASE_STRIP = NO;
				DEBUG_INFORMATION_FORMAT = "dwarf-with-dsym";
				ENABLE_NS_ASSERTIONS = NO;
				ENABLE_STRICT_OBJC_MSGSEND = YES;
				GCC_C_LANGUAGE_STANDARD = gnu11;
				GCC_NO_COMMON_BLOCKS = YES;
				GCC_WARN_64_TO_32_BIT_CONVERSION = YES;
				GCC_WARN_ABOUT_RETURN_TYPE = YES_ERROR;
				GCC_WARN_UNDECLARED_SELECTOR = YES;
				GCC_WARN_UNINITIALIZED_AUTOS = YES_AGGRESSIVE;
				GCC_WARN_UNUSED_FUNCTION = YES;
				GCC_WARN_UNUSED_VARIABLE = YES;
				IPHONEOS_DEPLOYMENT_TARGET = 11.1;
				MTL_ENABLE_DEBUG_INFO = NO;
				SDKROOT = iphoneos;
				SWIFT_OPTIMIZATION_LEVEL = "-Owholemodule";
				VALIDATE_PRODUCT = YES;
			};
			name = Release;
		};
		3063D51A1FD63FBA0096078B /* Debug */ = {
			isa = XCBuildConfiguration;
			buildSettings = {
				ASSETCATALOG_COMPILER_APPICON_NAME = AppIcon;
				CODE_SIGN_STYLE = Automatic;
				INFOPLIST_FILE = CountChange/Info.plist;
				IPHONEOS_DEPLOYMENT_TARGET = 9.1;
				LD_RUNPATH_SEARCH_PATHS = "$(inherited) @executable_path/Frameworks";
				PRODUCT_BUNDLE_IDENTIFIER = liujidan.CountChange;
				PRODUCT_NAME = "$(TARGET_NAME)";
				SWIFT_VERSION = 4.0;
				TARGETED_DEVICE_FAMILY = "1,2";
			};
			name = Debug;
		};
		3063D51B1FD63FBA0096078B /* Release */ = {
			isa = XCBuildConfiguration;
			buildSettings = {
				ASSETCATALOG_COMPILER_APPICON_NAME = AppIcon;
				CODE_SIGN_STYLE = Automatic;
				INFOPLIST_FILE = CountChange/Info.plist;
				IPHONEOS_DEPLOYMENT_TARGET = 9.1;
				LD_RUNPATH_SEARCH_PATHS = "$(inherited) @executable_path/Frameworks";
				PRODUCT_BUNDLE_IDENTIFIER = liujidan.CountChange;
				PRODUCT_NAME = "$(TARGET_NAME)";
				SWIFT_VERSION = 4.0;
				TARGETED_DEVICE_FAMILY = "1,2";
			};
			name = Release;
		};
		3063D51D1FD63FBA0096078B /* Debug */ = {
			isa = XCBuildConfiguration;
			buildSettings = {
				ALWAYS_EMBED_SWIFT_STANDARD_LIBRARIES = YES;
				BUNDLE_LOADER = "$(TEST_HOST)";
				CODE_SIGN_STYLE = Automatic;
				INFOPLIST_FILE = CountChangeTests/Info.plist;
				LD_RUNPATH_SEARCH_PATHS = "$(inherited) @executable_path/Frameworks @loader_path/Frameworks";
				PRODUCT_BUNDLE_IDENTIFIER = liujidan.CountChangeTests;
				PRODUCT_NAME = "$(TARGET_NAME)";
				SWIFT_VERSION = 4.0;
				TARGETED_DEVICE_FAMILY = "1,2";
				TEST_HOST = "$(BUILT_PRODUCTS_DIR)/CountChange.app/CountChange";
			};
			name = Debug;
		};
		3063D51E1FD63FBA0096078B /* Release */ = {
			isa = XCBuildConfiguration;
			buildSettings = {
				ALWAYS_EMBED_SWIFT_STANDARD_LIBRARIES = YES;
				BUNDLE_LOADER = "$(TEST_HOST)";
				CODE_SIGN_STYLE = Automatic;
				INFOPLIST_FILE = CountChangeTests/Info.plist;
				LD_RUNPATH_SEARCH_PATHS = "$(inherited) @executable_path/Frameworks @loader_path/Frameworks";
				PRODUCT_BUNDLE_IDENTIFIER = liujidan.CountChangeTests;
				PRODUCT_NAME = "$(TARGET_NAME)";
				SWIFT_VERSION = 4.0;
				TARGETED_DEVICE_FAMILY = "1,2";
				TEST_HOST = "$(BUILT_PRODUCTS_DIR)/CountChange.app/CountChange";
			};
			name = Release;
		};
		3063D5201FD63FBA0096078B /* Debug */ = {
			isa = XCBuildConfiguration;
			buildSettings = {
				ALWAYS_EMBED_SWIFT_STANDARD_LIBRARIES = YES;
				CODE_SIGN_STYLE = Automatic;
				INFOPLIST_FILE = CountChangeUITests/Info.plist;
				LD_RUNPATH_SEARCH_PATHS = "$(inherited) @executable_path/Frameworks @loader_path/Frameworks";
				PRODUCT_BUNDLE_IDENTIFIER = liujidan.CountChangeUITests;
				PRODUCT_NAME = "$(TARGET_NAME)";
				SWIFT_VERSION = 4.0;
				TARGETED_DEVICE_FAMILY = "1,2";
				TEST_TARGET_NAME = CountChange;
			};
			name = Debug;
		};
		3063D5211FD63FBA0096078B /* Release */ = {
			isa = XCBuildConfiguration;
			buildSettings = {
				ALWAYS_EMBED_SWIFT_STANDARD_LIBRARIES = YES;
				CODE_SIGN_STYLE = Automatic;
				INFOPLIST_FILE = CountChangeUITests/Info.plist;
				LD_RUNPATH_SEARCH_PATHS = "$(inherited) @executable_path/Frameworks @loader_path/Frameworks";
				PRODUCT_BUNDLE_IDENTIFIER = liujidan.CountChangeUITests;
				PRODUCT_NAME = "$(TARGET_NAME)";
				SWIFT_VERSION = 4.0;
				TARGETED_DEVICE_FAMILY = "1,2";
				TEST_TARGET_NAME = CountChange;
			};
			name = Release;
		};
/* End XCBuildConfiguration section */

/* Begin XCConfigurationList section */
		3063D4EC1FD63FBA0096078B /* Build configuration list for PBXProject "CountChange" */ = {
			isa = XCConfigurationList;
			buildConfigurations = (
				3063D5171FD63FBA0096078B /* Debug */,
				3063D5181FD63FBA0096078B /* Release */,
			);
			defaultConfigurationIsVisible = 0;
			defaultConfigurationName = Release;
		};
		3063D5191FD63FBA0096078B /* Build configuration list for PBXNativeTarget "CountChange" */ = {
			isa = XCConfigurationList;
			buildConfigurations = (
				3063D51A1FD63FBA0096078B /* Debug */,
				3063D51B1FD63FBA0096078B /* Release */,
			);
			defaultConfigurationIsVisible = 0;
			defaultConfigurationName = Release;
		};
		3063D51C1FD63FBA0096078B /* Build configuration list for PBXNativeTarget "CountChangeTests" */ = {
			isa = XCConfigurationList;
			buildConfigurations = (
				3063D51D1FD63FBA0096078B /* Debug */,
				3063D51E1FD63FBA0096078B /* Release */,
			);
			defaultConfigurationIsVisible = 0;
			defaultConfigurationName = Release;
		};
		3063D51F1FD63FBA0096078B /* Build configuration list for PBXNativeTarget "CountChangeUITests" */ = {
			isa = XCConfigurationList;
			buildConfigurations = (
				3063D5201FD63FBA0096078B /* Debug */,
				3063D5211FD63FBA0096078B /* Release */,
			);
			defaultConfigurationIsVisible = 0;
			defaultConfigurationName = Release;
		};
/* End XCConfigurationList section */
	};
	rootObject = 3063D4E91FD63FBA0096078B /* Project object */;
}
